// !$*UTF8*$!
{
	archiveVersion = 1;
	classes = {
	};
	objectVersion = 46;
	objects = {

/* Begin PBXBuildFile section */
		1BA2B1421BCB9C11005011A3 /* main.mm in Sources */ = {isa = PBXBuildFile; fileRef = 1BA2B1411BCB9C11005011A3 /* main.mm */; };
		1BA2B1451BCB9C11005011A3 /* AppDelegate.m in Sources */ = {isa = PBXBuildFile; fileRef = 1BA2B1441BCB9C11005011A3 /* AppDelegate.m */; };
		1BA2B1481BCB9C11005011A3 /* ViewController.mm in Sources */ = {isa = PBXBuildFile; fileRef = 1BA2B1471BCB9C11005011A3 /* ViewController.mm */; };
		1BA2B14B1BCB9C11005011A3 /* Main.storyboard in Resources */ = {isa = PBXBuildFile; fileRef = 1BA2B1491BCB9C11005011A3 /* Main.storyboard */; };
		1BA2B14E1BCB9C11005011A3 /* openCVTest.xcdatamodeld in Sources */ = {isa = PBXBuildFile; fileRef = 1BA2B14C1BCB9C11005011A3 /* openCVTest.xcdatamodeld */; };
		1BA2B1501BCB9C11005011A3 /* Assets.xcassets in Resources */ = {isa = PBXBuildFile; fileRef = 1BA2B14F1BCB9C11005011A3 /* Assets.xcassets */; };
		1BA2B1531BCB9C11005011A3 /* LaunchScreen.storyboard in Resources */ = {isa = PBXBuildFile; fileRef = 1BA2B1511BCB9C11005011A3 /* LaunchScreen.storyboard */; };
		1BA2B15E1BCB9C11005011A3 /* openCVTestTests.m in Sources */ = {isa = PBXBuildFile; fileRef = 1BA2B15D1BCB9C11005011A3 /* openCVTestTests.m */; };
		1BA2B1691BCB9C11005011A3 /* openCVTestUITests.mm in Sources */ = {isa = PBXBuildFile; fileRef = 1BA2B1681BCB9C11005011A3 /* openCVTestUITests.mm */; };
		1BA2B1791BCB9E31005011A3 /* AssetsLibrary.framework in Frameworks */ = {isa = PBXBuildFile; fileRef = 1BA2B1781BCB9E31005011A3 /* AssetsLibrary.framework */; };
		1BA2B17B1BCB9EA6005011A3 /* CoreGraphics.framework in Frameworks */ = {isa = PBXBuildFile; fileRef = 1BA2B17A1BCB9EA6005011A3 /* CoreGraphics.framework */; };
		1BA2B17D1BCB9EBB005011A3 /* Foundation.framework in Frameworks */ = {isa = PBXBuildFile; fileRef = 1BA2B17C1BCB9EBB005011A3 /* Foundation.framework */; };
		1BA2B1801BCBA0A8005011A3 /* AVFoundation.framework in Frameworks */ = {isa = PBXBuildFile; fileRef = 1BA2B17F1BCBA0A8005011A3 /* AVFoundation.framework */; };
		1BA2B1821BCBA0B3005011A3 /* CoreImage.framework in Frameworks */ = {isa = PBXBuildFile; fileRef = 1BA2B1811BCBA0B3005011A3 /* CoreImage.framework */; };
		1BA2B1841BCBA0BC005011A3 /* CoreMedia.framework in Frameworks */ = {isa = PBXBuildFile; fileRef = 1BA2B1831BCBA0BC005011A3 /* CoreMedia.framework */; };
		1BA2B1861BCBA0C7005011A3 /* CoreVideo.framework in Frameworks */ = {isa = PBXBuildFile; fileRef = 1BA2B1851BCBA0C7005011A3 /* CoreVideo.framework */; };
		1BA2B1881BCBA0CD005011A3 /* UIKit.framework in Frameworks */ = {isa = PBXBuildFile; fileRef = 1BA2B1871BCBA0CD005011A3 /* UIKit.framework */; };
		1BA2B18A1BCBA0D3005011A3 /* Accelerate.framework in Frameworks */ = {isa = PBXBuildFile; fileRef = 1BA2B1891BCBA0D3005011A3 /* Accelerate.framework */; };
		1BA2B18C1BCBA4B7005011A3 /* opencv2.framework in Frameworks */ = {isa = PBXBuildFile; fileRef = 1BA2B18B1BCBA4B7005011A3 /* opencv2.framework */; settings = {ASSET_TAGS = (); }; };
		1BA2B18E1BCBAF1D005011A3 /* un1.png in Resources */ = {isa = PBXBuildFile; fileRef = 1BA2B18D1BCBAF1D005011A3 /* un1.png */; settings = {ASSET_TAGS = (); }; };
		1BA2B1901BCC99E5005011A3 /* QuartzCore.framework in Frameworks */ = {isa = PBXBuildFile; fileRef = 1BA2B18F1BCC99E5005011A3 /* QuartzCore.framework */; };
		1BA2B19C1BCCE6D2005011A3 /* haarcascade_frontalface_alt2.xml in Resources */ = {isa = PBXBuildFile; fileRef = 1BA2B19B1BCCE6D2005011A3 /* haarcascade_frontalface_alt2.xml */; settings = {ASSET_TAGS = (); }; };
		1BA2B19D1BCCED98005011A3 /* haarcascade_frontalface_alt2.xml in Sources */ = {isa = PBXBuildFile; fileRef = 1BA2B19B1BCCE6D2005011A3 /* haarcascade_frontalface_alt2.xml */; };
		1BA2B19F1BCE1448005011A3 /* haarcascade_eye.xml in Resources */ = {isa = PBXBuildFile; fileRef = 1BA2B19E1BCE1448005011A3 /* haarcascade_eye.xml */; settings = {ASSET_TAGS = (); }; };
		1BA2B1A11BCE1468005011A3 /* haarcascade_upperbody.xml in Resources */ = {isa = PBXBuildFile; fileRef = 1BA2B1A01BCE1468005011A3 /* haarcascade_upperbody.xml */; settings = {ASSET_TAGS = (); }; };
		1BA2B1A31BCE146F005011A3 /* haarcascade_lowerbody.xml in Resources */ = {isa = PBXBuildFile; fileRef = 1BA2B1A21BCE146F005011A3 /* haarcascade_lowerbody.xml */; settings = {ASSET_TAGS = (); }; };
		1BA2B1A51BCE1475005011A3 /* haarcascade_profileface.xml in Resources */ = {isa = PBXBuildFile; fileRef = 1BA2B1A41BCE1475005011A3 /* haarcascade_profileface.xml */; settings = {ASSET_TAGS = (); }; };
		1BA2B1A71BCE3711005011A3 /* key.jpg in Resources */ = {isa = PBXBuildFile; fileRef = 1BA2B1A61BCE3711005011A3 /* key.jpg */; settings = {ASSET_TAGS = (); }; };
		1BA2B1AB1BCE3BF0005011A3 /* UIImageCVMatConverter.mm in Sources */ = {isa = PBXBuildFile; fileRef = 1BA2B1AA1BCE3BF0005011A3 /* UIImageCVMatConverter.mm */; settings = {ASSET_TAGS = (); }; };
		1BA2B1AE1BCF33DE005011A3 /* tracker_opencv.cpp in Sources */ = {isa = PBXBuildFile; fileRef = 1BA2B1AC1BCF33DE005011A3 /* tracker_opencv.cpp */; settings = {ASSET_TAGS = (); }; };
/* End PBXBuildFile section */

/* Begin PBXContainerItemProxy section */
		1BA2B15A1BCB9C11005011A3 /* PBXContainerItemProxy */ = {
			isa = PBXContainerItemProxy;
			containerPortal = 1BA2B1351BCB9C11005011A3 /* Project object */;
			proxyType = 1;
			remoteGlobalIDString = 1BA2B13C1BCB9C11005011A3;
			remoteInfo = openCVTest;
		};
		1BA2B1651BCB9C11005011A3 /* PBXContainerItemProxy */ = {
			isa = PBXContainerItemProxy;
			containerPortal = 1BA2B1351BCB9C11005011A3 /* Project object */;
			proxyType = 1;
			remoteGlobalIDString = 1BA2B13C1BCB9C11005011A3;
			remoteInfo = openCVTest;
		};
/* End PBXContainerItemProxy section */

/* Begin PBXFileReference section */
		1BA2B13D1BCB9C11005011A3 /* openCVTest.app */ = {isa = PBXFileReference; explicitFileType = wrapper.application; includeInIndex = 0; path = openCVTest.app; sourceTree = BUILT_PRODUCTS_DIR; };
		1BA2B1411BCB9C11005011A3 /* main.mm */ = {isa = PBXFileReference; lastKnownFileType = sourcecode.cpp.objcpp; path = main.mm; sourceTree = "<group>"; };
		1BA2B1431BCB9C11005011A3 /* AppDelegate.h */ = {isa = PBXFileReference; lastKnownFileType = sourcecode.c.h; path = AppDelegate.h; sourceTree = "<group>"; };
		1BA2B1441BCB9C11005011A3 /* AppDelegate.m */ = {isa = PBXFileReference; lastKnownFileType = sourcecode.c.objc; path = AppDelegate.m; sourceTree = "<group>"; };
		1BA2B1461BCB9C11005011A3 /* ViewController.hpp */ = {isa = PBXFileReference; lastKnownFileType = sourcecode.cpp.h; path = ViewController.hpp; sourceTree = "<group>"; };
		1BA2B1471BCB9C11005011A3 /* ViewController.mm */ = {isa = PBXFileReference; lastKnownFileType = sourcecode.cpp.objcpp; path = ViewController.mm; sourceTree = "<group>"; };
		1BA2B14A1BCB9C11005011A3 /* Base */ = {isa = PBXFileReference; lastKnownFileType = file.storyboard; name = Base; path = Base.lproj/Main.storyboard; sourceTree = "<group>"; };
		1BA2B14D1BCB9C11005011A3 /* openCVTest.xcdatamodel */ = {isa = PBXFileReference; lastKnownFileType = wrapper.xcdatamodel; path = openCVTest.xcdatamodel; sourceTree = "<group>"; };
		1BA2B14F1BCB9C11005011A3 /* Assets.xcassets */ = {isa = PBXFileReference; lastKnownFileType = folder.assetcatalog; path = Assets.xcassets; sourceTree = "<group>"; };
		1BA2B1521BCB9C11005011A3 /* Base */ = {isa = PBXFileReference; lastKnownFileType = file.storyboard; name = Base; path = Base.lproj/LaunchScreen.storyboard; sourceTree = "<group>"; };
		1BA2B1541BCB9C11005011A3 /* Info.plist */ = {isa = PBXFileReference; lastKnownFileType = text.plist.xml; path = Info.plist; sourceTree = "<group>"; };
		1BA2B1591BCB9C11005011A3 /* openCVTestTests.xctest */ = {isa = PBXFileReference; explicitFileType = wrapper.cfbundle; includeInIndex = 0; path = openCVTestTests.xctest; sourceTree = BUILT_PRODUCTS_DIR; };
		1BA2B15D1BCB9C11005011A3 /* openCVTestTests.m */ = {isa = PBXFileReference; lastKnownFileType = sourcecode.c.objc; path = openCVTestTests.m; sourceTree = "<group>"; };
		1BA2B15F1BCB9C11005011A3 /* Info.plist */ = {isa = PBXFileReference; lastKnownFileType = text.plist.xml; path = Info.plist; sourceTree = "<group>"; };
		1BA2B1641BCB9C11005011A3 /* openCVTestUITests.xctest */ = {isa = PBXFileReference; explicitFileType = wrapper.cfbundle; includeInIndex = 0; path = openCVTestUITests.xctest; sourceTree = BUILT_PRODUCTS_DIR; };
		1BA2B1681BCB9C11005011A3 /* openCVTestUITests.mm */ = {isa = PBXFileReference; lastKnownFileType = sourcecode.cpp.objcpp; path = openCVTestUITests.mm; sourceTree = "<group>"; };
		1BA2B16A1BCB9C11005011A3 /* Info.plist */ = {isa = PBXFileReference; lastKnownFileType = text.plist.xml; path = Info.plist; sourceTree = "<group>"; };
		1BA2B1781BCB9E31005011A3 /* AssetsLibrary.framework */ = {isa = PBXFileReference; lastKnownFileType = wrapper.framework; name = AssetsLibrary.framework; path = System/Library/Frameworks/AssetsLibrary.framework; sourceTree = SDKROOT; };
		1BA2B17A1BCB9EA6005011A3 /* CoreGraphics.framework */ = {isa = PBXFileReference; lastKnownFileType = wrapper.framework; name = CoreGraphics.framework; path = System/Library/Frameworks/CoreGraphics.framework; sourceTree = SDKROOT; };
		1BA2B17C1BCB9EBB005011A3 /* Foundation.framework */ = {isa = PBXFileReference; lastKnownFileType = wrapper.framework; name = Foundation.framework; path = System/Library/Frameworks/Foundation.framework; sourceTree = SDKROOT; };
		1BA2B17E1BCB9EF7005011A3 /* openCVTest-Prefix.pch */ = {isa = PBXFileReference; fileEncoding = 4; lastKnownFileType = sourcecode.c.h; path = "openCVTest-Prefix.pch"; sourceTree = "<group>"; };
		1BA2B17F1BCBA0A8005011A3 /* AVFoundation.framework */ = {isa = PBXFileReference; lastKnownFileType = wrapper.framework; name = AVFoundation.framework; path = System/Library/Frameworks/AVFoundation.framework; sourceTree = SDKROOT; };
		1BA2B1811BCBA0B3005011A3 /* CoreImage.framework */ = {isa = PBXFileReference; lastKnownFileType = wrapper.framework; name = CoreImage.framework; path = System/Library/Frameworks/CoreImage.framework; sourceTree = SDKROOT; };
		1BA2B1831BCBA0BC005011A3 /* CoreMedia.framework */ = {isa = PBXFileReference; lastKnownFileType = wrapper.framework; name = CoreMedia.framework; path = System/Library/Frameworks/CoreMedia.framework; sourceTree = SDKROOT; };
		1BA2B1851BCBA0C7005011A3 /* CoreVideo.framework */ = {isa = PBXFileReference; lastKnownFileType = wrapper.framework; name = CoreVideo.framework; path = System/Library/Frameworks/CoreVideo.framework; sourceTree = SDKROOT; };
		1BA2B1871BCBA0CD005011A3 /* UIKit.framework */ = {isa = PBXFileReference; lastKnownFileType = wrapper.framework; name = UIKit.framework; path = System/Library/Frameworks/UIKit.framework; sourceTree = SDKROOT; };
		1BA2B1891BCBA0D3005011A3 /* Accelerate.framework */ = {isa = PBXFileReference; lastKnownFileType = wrapper.framework; name = Accelerate.framework; path = System/Library/Frameworks/Accelerate.framework; sourceTree = SDKROOT; };
		1BA2B18B1BCBA4B7005011A3 /* opencv2.framework */ = {isa = PBXFileReference; lastKnownFileType = wrapper.framework; path = opencv2.framework; sourceTree = "<group>"; };
		1BA2B18D1BCBAF1D005011A3 /* un1.png */ = {isa = PBXFileReference; lastKnownFileType = image.png; path = un1.png; sourceTree = "<group>"; };
		1BA2B18F1BCC99E5005011A3 /* QuartzCore.framework */ = {isa = PBXFileReference; lastKnownFileType = wrapper.framework; name = QuartzCore.framework; path = System/Library/Frameworks/QuartzCore.framework; sourceTree = SDKROOT; };
		1BA2B19B1BCCE6D2005011A3 /* haarcascade_frontalface_alt2.xml */ = {isa = PBXFileReference; fileEncoding = 4; lastKnownFileType = text.xml; path = haarcascade_frontalface_alt2.xml; sourceTree = "<group>"; };
		1BA2B19E1BCE1448005011A3 /* haarcascade_eye.xml */ = {isa = PBXFileReference; fileEncoding = 4; lastKnownFileType = text.xml; path = haarcascade_eye.xml; sourceTree = "<group>"; };
		1BA2B1A01BCE1468005011A3 /* haarcascade_upperbody.xml */ = {isa = PBXFileReference; fileEncoding = 4; lastKnownFileType = text.xml; path = haarcascade_upperbody.xml; sourceTree = "<group>"; };
		1BA2B1A21BCE146F005011A3 /* haarcascade_lowerbody.xml */ = {isa = PBXFileReference; fileEncoding = 4; lastKnownFileType = text.xml; path = haarcascade_lowerbody.xml; sourceTree = "<group>"; };
		1BA2B1A41BCE1475005011A3 /* haarcascade_profileface.xml */ = {isa = PBXFileReference; fileEncoding = 4; lastKnownFileType = text.xml; path = haarcascade_profileface.xml; sourceTree = "<group>"; };
		1BA2B1A61BCE3711005011A3 /* key.jpg */ = {isa = PBXFileReference; lastKnownFileType = image.jpeg; path = key.jpg; sourceTree = "<group>"; };
		1BA2B1A91BCE3BCA005011A3 /* UIImageCVMatConverter.hpp */ = {isa = PBXFileReference; lastKnownFileType = sourcecode.cpp.h; path = UIImageCVMatConverter.hpp; sourceTree = "<group>"; };
		1BA2B1AA1BCE3BF0005011A3 /* UIImageCVMatConverter.mm */ = {isa = PBXFileReference; fileEncoding = 4; lastKnownFileType = sourcecode.cpp.objcpp; path = UIImageCVMatConverter.mm; sourceTree = "<group>"; };
		1BA2B1AC1BCF33DE005011A3 /* tracker_opencv.cpp */ = {isa = PBXFileReference; fileEncoding = 4; lastKnownFileType = sourcecode.cpp.cpp; path = tracker_opencv.cpp; sourceTree = "<group>"; };
		1BA2B1AD1BCF33DE005011A3 /* tracker_opencv.h */ = {isa = PBXFileReference; fileEncoding = 4; lastKnownFileType = sourcecode.c.h; path = tracker_opencv.h; sourceTree = "<group>"; };
		1BA2B1AF1BCF457E005011A3 /* constants.h */ = {isa = PBXFileReference; lastKnownFileType = sourcecode.c.h; name = constants.h; path = ../constants.h; sourceTree = "<group>"; };
/* End PBXFileReference section */

/* Begin PBXFrameworksBuildPhase section */
		1BA2B13A1BCB9C11005011A3 /* Frameworks */ = {
			isa = PBXFrameworksBuildPhase;
			buildActionMask = 2147483647;
			files = (
				1BA2B1901BCC99E5005011A3 /* QuartzCore.framework in Frameworks */,
				1BA2B18C1BCBA4B7005011A3 /* opencv2.framework in Frameworks */,
				1BA2B18A1BCBA0D3005011A3 /* Accelerate.framework in Frameworks */,
				1BA2B1791BCB9E31005011A3 /* AssetsLibrary.framework in Frameworks */,
				1BA2B1801BCBA0A8005011A3 /* AVFoundation.framework in Frameworks */,
				1BA2B17B1BCB9EA6005011A3 /* CoreGraphics.framework in Frameworks */,
				1BA2B1821BCBA0B3005011A3 /* CoreImage.framework in Frameworks */,
				1BA2B1841BCBA0BC005011A3 /* CoreMedia.framework in Frameworks */,
				1BA2B1861BCBA0C7005011A3 /* CoreVideo.framework in Frameworks */,
				1BA2B1881BCBA0CD005011A3 /* UIKit.framework in Frameworks */,
				1BA2B17D1BCB9EBB005011A3 /* Foundation.framework in Frameworks */,
			);
			runOnlyForDeploymentPostprocessing = 0;
		};
		1BA2B1561BCB9C11005011A3 /* Frameworks */ = {
			isa = PBXFrameworksBuildPhase;
			buildActionMask = 2147483647;
			files = (
			);
			runOnlyForDeploymentPostprocessing = 0;
		};
		1BA2B1611BCB9C11005011A3 /* Frameworks */ = {
			isa = PBXFrameworksBuildPhase;
			buildActionMask = 2147483647;
			files = (
			);
			runOnlyForDeploymentPostprocessing = 0;
		};
/* End PBXFrameworksBuildPhase section */

/* Begin PBXGroup section */
		1BA2B1341BCB9C11005011A3 = {
			isa = PBXGroup;
			children = (
				1BA2B18F1BCC99E5005011A3 /* QuartzCore.framework */,
				1BA2B1891BCBA0D3005011A3 /* Accelerate.framework */,
				1BA2B1871BCBA0CD005011A3 /* UIKit.framework */,
				1BA2B1851BCBA0C7005011A3 /* CoreVideo.framework */,
				1BA2B1831BCBA0BC005011A3 /* CoreMedia.framework */,
				1BA2B1811BCBA0B3005011A3 /* CoreImage.framework */,
				1BA2B17F1BCBA0A8005011A3 /* AVFoundation.framework */,
				1BA2B17C1BCB9EBB005011A3 /* Foundation.framework */,
				1BA2B17A1BCB9EA6005011A3 /* CoreGraphics.framework */,
				1BA2B1781BCB9E31005011A3 /* AssetsLibrary.framework */,
				1BA2B13F1BCB9C11005011A3 /* openCVTest */,
				1BA2B15C1BCB9C11005011A3 /* openCVTestTests */,
				1BA2B1671BCB9C11005011A3 /* openCVTestUITests */,
				1BA2B13E1BCB9C11005011A3 /* Products */,
				1BA2B1A61BCE3711005011A3 /* key.jpg */,
				1BA2B19B1BCCE6D2005011A3 /* haarcascade_frontalface_alt2.xml */,
				1BA2B1A41BCE1475005011A3 /* haarcascade_profileface.xml */,
				1BA2B19E1BCE1448005011A3 /* haarcascade_eye.xml */,
				1BA2B1A01BCE1468005011A3 /* haarcascade_upperbody.xml */,
				1BA2B1A21BCE146F005011A3 /* haarcascade_lowerbody.xml */,
				1BA2B18B1BCBA4B7005011A3 /* opencv2.framework */,
			);
			sourceTree = "<group>";
		};
		1BA2B13E1BCB9C11005011A3 /* Products */ = {
			isa = PBXGroup;
			children = (
				1BA2B13D1BCB9C11005011A3 /* openCVTest.app */,
				1BA2B1591BCB9C11005011A3 /* openCVTestTests.xctest */,
				1BA2B1641BCB9C11005011A3 /* openCVTestUITests.xctest */,
			);
			name = Products;
			sourceTree = "<group>";
		};
		1BA2B13F1BCB9C11005011A3 /* openCVTest */ = {
			isa = PBXGroup;
			children = (
				1BA2B1A81BCE3BB1005011A3 /* Custom Converter */,
				1BA2B1431BCB9C11005011A3 /* AppDelegate.h */,
				1BA2B1AF1BCF457E005011A3 /* constants.h */,
				1BA2B1441BCB9C11005011A3 /* AppDelegate.m */,
				1BA2B1AC1BCF33DE005011A3 /* tracker_opencv.cpp */,
				1BA2B1AD1BCF33DE005011A3 /* tracker_opencv.h */,
				1BA2B1461BCB9C11005011A3 /* ViewController.hpp */,
				1BA2B1471BCB9C11005011A3 /* ViewController.mm */,
				1BA2B1491BCB9C11005011A3 /* Main.storyboard */,
				1BA2B14F1BCB9C11005011A3 /* Assets.xcassets */,
				1BA2B18D1BCBAF1D005011A3 /* un1.png */,
				1BA2B1511BCB9C11005011A3 /* LaunchScreen.storyboard */,
				1BA2B1541BCB9C11005011A3 /* Info.plist */,
				1BA2B14C1BCB9C11005011A3 /* openCVTest.xcdatamodeld */,
				1BA2B1401BCB9C11005011A3 /* Supporting Files */,
			);
			path = openCVTest;
			sourceTree = "<group>";
		};
		1BA2B1401BCB9C11005011A3 /* Supporting Files */ = {
			isa = PBXGroup;
			children = (
				1BA2B1411BCB9C11005011A3 /* main.mm */,
				1BA2B17E1BCB9EF7005011A3 /* openCVTest-Prefix.pch */,
			);
			name = "Supporting Files";
			sourceTree = "<group>";
		};
		1BA2B15C1BCB9C11005011A3 /* openCVTestTests */ = {
			isa = PBXGroup;
			children = (
				1BA2B15D1BCB9C11005011A3 /* openCVTestTests.m */,
				1BA2B15F1BCB9C11005011A3 /* Info.plist */,
			);
			path = openCVTestTests;
			sourceTree = "<group>";
		};
		1BA2B1671BCB9C11005011A3 /* openCVTestUITests */ = {
			isa = PBXGroup;
			children = (
				1BA2B1681BCB9C11005011A3 /* openCVTestUITests.mm */,
				1BA2B16A1BCB9C11005011A3 /* Info.plist */,
			);
			path = openCVTestUITests;
			sourceTree = "<group>";
		};
		1BA2B1A81BCE3BB1005011A3 /* Custom Converter */ = {
			isa = PBXGroup;
			children = (
				1BA2B1A91BCE3BCA005011A3 /* UIImageCVMatConverter.hpp */,
				1BA2B1AA1BCE3BF0005011A3 /* UIImageCVMatConverter.mm */,
			);
			name = "Custom Converter";
			sourceTree = "<group>";
		};
/* End PBXGroup section */

/* Begin PBXNativeTarget section */
		1BA2B13C1BCB9C11005011A3 /* openCVTest */ = {
			isa = PBXNativeTarget;
			buildConfigurationList = 1BA2B16D1BCB9C11005011A3 /* Build configuration list for PBXNativeTarget "openCVTest" */;
			buildPhases = (
				1BA2B1391BCB9C11005011A3 /* Sources */,
				1BA2B13A1BCB9C11005011A3 /* Frameworks */,
				1BA2B13B1BCB9C11005011A3 /* Resources */,
			);
			buildRules = (
			);
			dependencies = (
			);
			name = openCVTest;
			productName = openCVTest;
			productReference = 1BA2B13D1BCB9C11005011A3 /* openCVTest.app */;
			productType = "com.apple.product-type.application";
		};
		1BA2B1581BCB9C11005011A3 /* openCVTestTests */ = {
			isa = PBXNativeTarget;
			buildConfigurationList = 1BA2B1701BCB9C11005011A3 /* Build configuration list for PBXNativeTarget "openCVTestTests" */;
			buildPhases = (
				1BA2B1551BCB9C11005011A3 /* Sources */,
				1BA2B1561BCB9C11005011A3 /* Frameworks */,
				1BA2B1571BCB9C11005011A3 /* Resources */,
			);
			buildRules = (
			);
			dependencies = (
				1BA2B15B1BCB9C11005011A3 /* PBXTargetDependency */,
			);
			name = openCVTestTests;
			productName = openCVTestTests;
			productReference = 1BA2B1591BCB9C11005011A3 /* openCVTestTests.xctest */;
			productType = "com.apple.product-type.bundle.unit-test";
		};
		1BA2B1631BCB9C11005011A3 /* openCVTestUITests */ = {
			isa = PBXNativeTarget;
			buildConfigurationList = 1BA2B1731BCB9C11005011A3 /* Build configuration list for PBXNativeTarget "openCVTestUITests" */;
			buildPhases = (
				1BA2B1601BCB9C11005011A3 /* Sources */,
				1BA2B1611BCB9C11005011A3 /* Frameworks */,
				1BA2B1621BCB9C11005011A3 /* Resources */,
			);
			buildRules = (
			);
			dependencies = (
				1BA2B1661BCB9C11005011A3 /* PBXTargetDependency */,
			);
			name = openCVTestUITests;
			productName = openCVTestUITests;
			productReference = 1BA2B1641BCB9C11005011A3 /* openCVTestUITests.xctest */;
			productType = "com.apple.product-type.bundle.ui-testing";
		};
/* End PBXNativeTarget section */

/* Begin PBXProject section */
		1BA2B1351BCB9C11005011A3 /* Project object */ = {
			isa = PBXProject;
			attributes = {
				LastUpgradeCheck = 0700;
				ORGANIZATIONNAME = bnsworks;
				TargetAttributes = {
					1BA2B13C1BCB9C11005011A3 = {
						CreatedOnToolsVersion = 7.0.1;
					};
					1BA2B1581BCB9C11005011A3 = {
						CreatedOnToolsVersion = 7.0.1;
						TestTargetID = 1BA2B13C1BCB9C11005011A3;
					};
					1BA2B1631BCB9C11005011A3 = {
						CreatedOnToolsVersion = 7.0.1;
						TestTargetID = 1BA2B13C1BCB9C11005011A3;
					};
				};
			};
			buildConfigurationList = 1BA2B1381BCB9C11005011A3 /* Build configuration list for PBXProject "openCVTest" */;
			compatibilityVersion = "Xcode 3.2";
			developmentRegion = English;
			hasScannedForEncodings = 0;
			knownRegions = (
				en,
				Base,
			);
			mainGroup = 1BA2B1341BCB9C11005011A3;
			productRefGroup = 1BA2B13E1BCB9C11005011A3 /* Products */;
			projectDirPath = "";
			projectRoot = "";
			targets = (
				1BA2B13C1BCB9C11005011A3 /* openCVTest */,
				1BA2B1581BCB9C11005011A3 /* openCVTestTests */,
				1BA2B1631BCB9C11005011A3 /* openCVTestUITests */,
			);
		};
/* End PBXProject section */

/* Begin PBXResourcesBuildPhase section */
		1BA2B13B1BCB9C11005011A3 /* Resources */ = {
			isa = PBXResourcesBuildPhase;
			buildActionMask = 2147483647;
			files = (
				1BA2B19C1BCCE6D2005011A3 /* haarcascade_frontalface_alt2.xml in Resources */,
				1BA2B1A51BCE1475005011A3 /* haarcascade_profileface.xml in Resources */,
				1BA2B1A11BCE1468005011A3 /* haarcascade_upperbody.xml in Resources */,
				1BA2B1531BCB9C11005011A3 /* LaunchScreen.storyboard in Resources */,
				1BA2B1501BCB9C11005011A3 /* Assets.xcassets in Resources */,
				1BA2B1A71BCE3711005011A3 /* key.jpg in Resources */,
				1BA2B19F1BCE1448005011A3 /* haarcascade_eye.xml in Resources */,
				1BA2B18E1BCBAF1D005011A3 /* un1.png in Resources */,
				1BA2B1A31BCE146F005011A3 /* haarcascade_lowerbody.xml in Resources */,
				1BA2B14B1BCB9C11005011A3 /* Main.storyboard in Resources */,
			);
			runOnlyForDeploymentPostprocessing = 0;
		};
		1BA2B1571BCB9C11005011A3 /* Resources */ = {
			isa = PBXResourcesBuildPhase;
			buildActionMask = 2147483647;
			files = (
			);
			runOnlyForDeploymentPostprocessing = 0;
		};
		1BA2B1621BCB9C11005011A3 /* Resources */ = {
			isa = PBXResourcesBuildPhase;
			buildActionMask = 2147483647;
			files = (
			);
			runOnlyForDeploymentPostprocessing = 0;
		};
/* End PBXResourcesBuildPhase section */

/* Begin PBXSourcesBuildPhase section */
		1BA2B1391BCB9C11005011A3 /* Sources */ = {
			isa = PBXSourcesBuildPhase;
			buildActionMask = 2147483647;
			files = (
				1BA2B1AE1BCF33DE005011A3 /* tracker_opencv.cpp in Sources */,
				1BA2B19D1BCCED98005011A3 /* haarcascade_frontalface_alt2.xml in Sources */,
				1BA2B1481BCB9C11005011A3 /* ViewController.mm in Sources */,
				1BA2B1AB1BCE3BF0005011A3 /* UIImageCVMatConverter.mm in Sources */,
				1BA2B1451BCB9C11005011A3 /* AppDelegate.m in Sources */,
				1BA2B14E1BCB9C11005011A3 /* openCVTest.xcdatamodeld in Sources */,
				1BA2B1421BCB9C11005011A3 /* main.mm in Sources */,
			);
			runOnlyForDeploymentPostprocessing = 0;
		};
		1BA2B1551BCB9C11005011A3 /* Sources */ = {
			isa = PBXSourcesBuildPhase;
			buildActionMask = 2147483647;
			files = (
				1BA2B15E1BCB9C11005011A3 /* openCVTestTests.m in Sources */,
			);
			runOnlyForDeploymentPostprocessing = 0;
		};
		1BA2B1601BCB9C11005011A3 /* Sources */ = {
			isa = PBXSourcesBuildPhase;
			buildActionMask = 2147483647;
			files = (
				1BA2B1691BCB9C11005011A3 /* openCVTestUITests.mm in Sources */,
			);
			runOnlyForDeploymentPostprocessing = 0;
		};
/* End PBXSourcesBuildPhase section */

/* Begin PBXTargetDependency section */
		1BA2B15B1BCB9C11005011A3 /* PBXTargetDependency */ = {
			isa = PBXTargetDependency;
			target = 1BA2B13C1BCB9C11005011A3 /* openCVTest */;
			targetProxy = 1BA2B15A1BCB9C11005011A3 /* PBXContainerItemProxy */;
		};
		1BA2B1661BCB9C11005011A3 /* PBXTargetDependency */ = {
			isa = PBXTargetDependency;
			target = 1BA2B13C1BCB9C11005011A3 /* openCVTest */;
			targetProxy = 1BA2B1651BCB9C11005011A3 /* PBXContainerItemProxy */;
		};
/* End PBXTargetDependency section */

/* Begin PBXVariantGroup section */
		1BA2B1491BCB9C11005011A3 /* Main.storyboard */ = {
			isa = PBXVariantGroup;
			children = (
				1BA2B14A1BCB9C11005011A3 /* Base */,
			);
			name = Main.storyboard;
			sourceTree = "<group>";
		};
		1BA2B1511BCB9C11005011A3 /* LaunchScreen.storyboard */ = {
			isa = PBXVariantGroup;
			children = (
				1BA2B1521BCB9C11005011A3 /* Base */,
			);
			name = LaunchScreen.storyboard;
			sourceTree = "<group>";
		};
/* End PBXVariantGroup section */

/* Begin XCBuildConfiguration section */
		1BA2B16B1BCB9C11005011A3 /* Debug */ = {
			isa = XCBuildConfiguration;
			buildSettings = {
				ALWAYS_SEARCH_USER_PATHS = NO;
				CLANG_CXX_LANGUAGE_STANDARD = "gnu++0x";
				CLANG_CXX_LIBRARY = "libc++";
				CLANG_ENABLE_MODULES = YES;
				CLANG_ENABLE_OBJC_ARC = YES;
				CLANG_WARN_BOOL_CONVERSION = YES;
				CLANG_WARN_CONSTANT_CONVERSION = YES;
				CLANG_WARN_DIRECT_OBJC_ISA_USAGE = YES_ERROR;
				CLANG_WARN_EMPTY_BODY = YES;
				CLANG_WARN_ENUM_CONVERSION = YES;
				CLANG_WARN_INT_CONVERSION = YES;
				CLANG_WARN_OBJC_ROOT_CLASS = YES_ERROR;
				CLANG_WARN_UNREACHABLE_CODE = YES;
				CLANG_WARN__DUPLICATE_METHOD_MATCH = YES;
				"CODE_SIGN_IDENTITY[sdk=iphoneos*]" = "iPhone Developer";
				COPY_PHASE_STRIP = NO;
				DEBUG_INFORMATION_FORMAT = dwarf;
				ENABLE_STRICT_OBJC_MSGSEND = YES;
				ENABLE_TESTABILITY = YES;
				GCC_C_LANGUAGE_STANDARD = gnu99;
				GCC_DYNAMIC_NO_PIC = NO;
				GCC_NO_COMMON_BLOCKS = YES;
				GCC_OPTIMIZATION_LEVEL = 0;
				GCC_PREPROCESSOR_DEFINITIONS = (
					"DEBUG=1",
					"$(inherited)",
				);
				GCC_WARN_64_TO_32_BIT_CONVERSION = YES;
				GCC_WARN_ABOUT_RETURN_TYPE = YES_ERROR;
				GCC_WARN_UNDECLARED_SELECTOR = YES;
				GCC_WARN_UNINITIALIZED_AUTOS = YES_AGGRESSIVE;
				GCC_WARN_UNUSED_FUNCTION = YES;
				GCC_WARN_UNUSED_VARIABLE = YES;
				IPHONEOS_DEPLOYMENT_TARGET = 9.0;
				MTL_ENABLE_DEBUG_INFO = YES;
				ONLY_ACTIVE_ARCH = YES;
				SDKROOT = iphoneos;
				TARGETED_DEVICE_FAMILY = "1,2";
			};
			name = Debug;
		};
		1BA2B16C1BCB9C11005011A3 /* Release */ = {
			isa = XCBuildConfiguration;
			buildSettings = {
				ALWAYS_SEARCH_USER_PATHS = NO;
				CLANG_CXX_LANGUAGE_STANDARD = "gnu++0x";
				CLANG_CXX_LIBRARY = "libc++";
				CLANG_ENABLE_MODULES = YES;
				CLANG_ENABLE_OBJC_ARC = YES;
				CLANG_WARN_BOOL_CONVERSION = YES;
				CLANG_WARN_CONSTANT_CONVERSION = YES;
				CLANG_WARN_DIRECT_OBJC_ISA_USAGE = YES_ERROR;
				CLANG_WARN_EMPTY_BODY = YES;
				CLANG_WARN_ENUM_CONVERSION = YES;
				CLANG_WARN_INT_CONVERSION = YES;
				CLANG_WARN_OBJC_ROOT_CLASS = YES_ERROR;
				CLANG_WARN_UNREACHABLE_CODE = YES;
				CLANG_WARN__DUPLICATE_METHOD_MATCH = YES;
				"CODE_SIGN_IDENTITY[sdk=iphoneos*]" = "iPhone Developer";
				COPY_PHASE_STRIP = NO;
				DEBUG_INFORMATION_FORMAT = "dwarf-with-dsym";
				ENABLE_NS_ASSERTIONS = NO;
				ENABLE_STRICT_OBJC_MSGSEND = YES;
				GCC_C_LANGUAGE_STANDARD = gnu99;
				GCC_NO_COMMON_BLOCKS = YES;
				GCC_WARN_64_TO_32_BIT_CONVERSION = YES;
				GCC_WARN_ABOUT_RETURN_TYPE = YES_ERROR;
				GCC_WARN_UNDECLARED_SELECTOR = YES;
				GCC_WARN_UNINITIALIZED_AUTOS = YES_AGGRESSIVE;
				GCC_WARN_UNUSED_FUNCTION = YES;
				GCC_WARN_UNUSED_VARIABLE = YES;
				IPHONEOS_DEPLOYMENT_TARGET = 9.0;
				MTL_ENABLE_DEBUG_INFO = NO;
				SDKROOT = iphoneos;
				TARGETED_DEVICE_FAMILY = "1,2";
				VALIDATE_PRODUCT = YES;
			};
			name = Release;
		};
		1BA2B16E1BCB9C11005011A3 /* Debug */ = {
			isa = XCBuildConfiguration;
			buildSettings = {
				ALWAYS_SEARCH_USER_PATHS = YES;
				ASSETCATALOG_COMPILER_APPICON_NAME = AppIcon;
				CLANG_CXX_LANGUAGE_STANDARD = "c++0x";
				ENABLE_BITCODE = NO;
				FRAMEWORK_SEARCH_PATHS = "/Volumes/BNSWORKS/Tests/openCVTest/**";
				GCC_C_LANGUAGE_STANDARD = gnu99;
				GCC_INPUT_FILETYPE = automatic;
				INFOPLIST_FILE = openCVTest/Info.plist;
				IPHONEOS_DEPLOYMENT_TARGET = 8.0;
				LD_RUNPATH_SEARCH_PATHS = "$(inherited) @executable_path/Frameworks";
				OTHER_LDFLAGS = "$(inherited)";
				PRODUCT_BUNDLE_IDENTIFIER = com.bnsworks.openCVTest;
				PRODUCT_NAME = "$(TARGET_NAME)";
				VALID_ARCHS = "armv7 armv7s arm64 armv6 i386";
			};
			name = Debug;
		};
		1BA2B16F1BCB9C11005011A3 /* Release */ = {
			isa = XCBuildConfiguration;
			buildSettings = {
				ALWAYS_SEARCH_USER_PATHS = YES;
				ASSETCATALOG_COMPILER_APPICON_NAME = AppIcon;
				CLANG_CXX_LANGUAGE_STANDARD = "c++0x";
				ENABLE_BITCODE = NO;
				ENABLE_NS_ASSERTIONS = YES;
				FRAMEWORK_SEARCH_PATHS = "/Volumes/BNSWORKS/Tests/openCVTest/**";
				GCC_C_LANGUAGE_STANDARD = gnu99;
				GCC_INPUT_FILETYPE = automatic;
				INFOPLIST_FILE = openCVTest/Info.plist;
				IPHONEOS_DEPLOYMENT_TARGET = 8.0;
				LD_RUNPATH_SEARCH_PATHS = "$(inherited) @executable_path/Frameworks";
				OTHER_LDFLAGS = "$(inherited)";
				PRODUCT_BUNDLE_IDENTIFIER = com.bnsworks.openCVTest;
				PRODUCT_NAME = "$(TARGET_NAME)";
				VALID_ARCHS = "armv7 armv7s arm64 armv6 i386";
			};
			name = Release;
		};
		1BA2B1711BCB9C11005011A3 /* Debug */ = {
			isa = XCBuildConfiguration;
			buildSettings = {
				BUNDLE_LOADER = "$(TEST_HOST)";
				INFOPLIST_FILE = openCVTestTests/Info.plist;
				LD_RUNPATH_SEARCH_PATHS = "$(inherited) @executable_path/Frameworks @loader_path/Frameworks";
				PRODUCT_BUNDLE_IDENTIFIER = com.bnsworks.openCVTestTests;
				PRODUCT_NAME = "$(TARGET_NAME)";
				TEST_HOST = "$(BUILT_PRODUCTS_DIR)/openCVTest.app/openCVTest";
			};
			name = Debug;
		};
		1BA2B1721BCB9C11005011A3 /* Release */ = {
			isa = XCBuildConfiguration;
			buildSettings = {
				BUNDLE_LOADER = "$(TEST_HOST)";
				INFOPLIST_FILE = openCVTestTests/Info.plist;
				LD_RUNPATH_SEARCH_PATHS = "$(inherited) @executable_path/Frameworks @loader_path/Frameworks";
				PRODUCT_BUNDLE_IDENTIFIER = com.bnsworks.openCVTestTests;
				PRODUCT_NAME = "$(TARGET_NAME)";
				TEST_HOST = "$(BUILT_PRODUCTS_DIR)/openCVTest.app/openCVTest";
			};
			name = Release;
		};
		1BA2B1741BCB9C11005011A3 /* Debug */ = {
			isa = XCBuildConfiguration;
			buildSettings = {
				INFOPLIST_FILE = openCVTestUITests/Info.plist;
				LD_RUNPATH_SEARCH_PATHS = "$(inherited) @executable_path/Frameworks @loader_path/Frameworks";
				PRODUCT_BUNDLE_IDENTIFIER = com.bnsworks.openCVTestUITests;
				PRODUCT_NAME = "$(TARGET_NAME)";
				TEST_TARGET_NAME = openCVTest;
				USES_XCTRUNNER = YES;
			};
			name = Debug;
		};
		1BA2B1751BCB9C11005011A3 /* Release */ = {
			isa = XCBuildConfiguration;
			buildSettings = {
				INFOPLIST_FILE = openCVTestUITests/Info.plist;
				LD_RUNPATH_SEARCH_PATHS = "$(inherited) @executable_path/Frameworks @loader_path/Frameworks";
				PRODUCT_BUNDLE_IDENTIFIER = com.bnsworks.openCVTestUITests;
				PRODUCT_NAME = "$(TARGET_NAME)";
				TEST_TARGET_NAME = openCVTest;
				USES_XCTRUNNER = YES;
			};
			name = Release;
		};
/* End XCBuildConfiguration section */

/* Begin XCConfigurationList section */
		1BA2B1381BCB9C11005011A3 /* Build configuration list for PBXProject "openCVTest" */ = {
			isa = XCConfigurationList;
			buildConfigurations = (
				1BA2B16B1BCB9C11005011A3 /* Debug */,
				1BA2B16C1BCB9C11005011A3 /* Release */,
			);
			defaultConfigurationIsVisible = 0;
			defaultConfigurationName = Release;
		};
		1BA2B16D1BCB9C11005011A3 /* Build configuration list for PBXNativeTarget "openCVTest" */ = {
			isa = XCConfigurationList;
			buildConfigurations = (
				1BA2B16E1BCB9C11005011A3 /* Debug */,
				1BA2B16F1BCB9C11005011A3 /* Release */,
			);
			defaultConfigurationIsVisible = 0;
		};
		1BA2B1701BCB9C11005011A3 /* Build configuration list for PBXNativeTarget "openCVTestTests" */ = {
			isa = XCConfigurationList;
			buildConfigurations = (
				1BA2B1711BCB9C11005011A3 /* Debug */,
				1BA2B1721BCB9C11005011A3 /* Release */,
			);
			defaultConfigurationIsVisible = 0;
		};
		1BA2B1731BCB9C11005011A3 /* Build configuration list for PBXNativeTarget "openCVTestUITests" */ = {
			isa = XCConfigurationList;
			buildConfigurations = (
				1BA2B1741BCB9C11005011A3 /* Debug */,
				1BA2B1751BCB9C11005011A3 /* Release */,
			);
			defaultConfigurationIsVisible = 0;
		};
/* End XCConfigurationList section */

/* Begin XCVersionGroup section */
		1BA2B14C1BCB9C11005011A3 /* openCVTest.xcdatamodeld */ = {
			isa = XCVersionGroup;
			children = (
				1BA2B14D1BCB9C11005011A3 /* openCVTest.xcdatamodel */,
			);
			currentVersion = 1BA2B14D1BCB9C11005011A3 /* openCVTest.xcdatamodel */;
			path = openCVTest.xcdatamodeld;
			sourceTree = "<group>";
			versionGroupType = wrapper.xcdatamodel;
		};
/* End XCVersionGroup section */
	};
	rootObject = 1BA2B1351BCB9C11005011A3 /* Project object */;
}
